// !$*UTF8*$!
{
	archiveVersion = 1;
	classes = {
	};
	objectVersion = 50;
	objects = {

/* Begin PBXBuildFile section */
		BF3D87082248AC6900575581 /* SelectionSort.c in Sources */ = {isa = PBXBuildFile; fileRef = BF3D87072248AC6900575581 /* SelectionSort.c */; };
		BF3D870E2248C16700575581 /* mergeSort.c in Sources */ = {isa = PBXBuildFile; fileRef = BF3D870D2248C16700575581 /* mergeSort.c */; };
		BF3D87112248D4E800575581 /* quickSort.c in Sources */ = {isa = PBXBuildFile; fileRef = BF3D87102248D4E800575581 /* quickSort.c */; };
		BF84EB5820F736B60086E4CD /* main.m in Sources */ = {isa = PBXBuildFile; fileRef = BF84EB5720F736B60086E4CD /* main.m */; };
		BF84EB6320F851340086E4CD /* textCopy.c in Sources */ = {isa = PBXBuildFile; fileRef = BF84EB6220F851340086E4CD /* textCopy.c */; };
		BF84EB6B20F855C00086E4CD /* textCount.c in Sources */ = {isa = PBXBuildFile; fileRef = BF84EB6A20F855C00086E4CD /* textCount.c */; };
		BF97A06E221D52C70083D0DB /* LinkList.c in Sources */ = {isa = PBXBuildFile; fileRef = BF97A06D221D52C70083D0DB /* LinkList.c */; };
		BFAC5C90224CBBAE00612263 /* BinarySearchTree.c in Sources */ = {isa = PBXBuildFile; fileRef = BFAC5C8F224CBBAE00612263 /* BinarySearchTree.c */; };
		BFAC5C94224CE63900612263 /* RedBlackTree.c in Sources */ = {isa = PBXBuildFile; fileRef = BFAC5C93224CE63900612263 /* RedBlackTree.c */; };
		BFBE826F2244E8CD0094C9CB /* InsertionSort.c in Sources */ = {isa = PBXBuildFile; fileRef = BFBE826E2244E8CD0094C9CB /* InsertionSort.c */; };
		BFBE82732244ED7A0094C9CB /* bubbleSort.c in Sources */ = {isa = PBXBuildFile; fileRef = BFBE82722244ED7A0094C9CB /* bubbleSort.c */; };
		BFEFA8EC223B8600003CC8E6 /* Stack.c in Sources */ = {isa = PBXBuildFile; fileRef = BFEFA8EB223B8600003CC8E6 /* Stack.c */; };
/* End PBXBuildFile section */

/* Begin PBXCopyFilesBuildPhase section */
		BF84EB5220F736B60086E4CD /* CopyFiles */ = {
			isa = PBXCopyFilesBuildPhase;
			buildActionMask = 2147483647;
			dstPath = /usr/share/man/man1/;
			dstSubfolderSpec = 0;
			files = (
			);
			runOnlyForDeploymentPostprocessing = 1;
		};
/* End PBXCopyFilesBuildPhase section */

/* Begin PBXFileReference section */
		BF3D87072248AC6900575581 /* SelectionSort.c */ = {isa = PBXFileReference; lastKnownFileType = sourcecode.c.c; path = SelectionSort.c; sourceTree = "<group>"; };
		BF3D87092248BE2F00575581 /* bubbleSort.h */ = {isa = PBXFileReference; fileEncoding = 4; lastKnownFileType = sourcecode.c.h; path = bubbleSort.h; sourceTree = "<group>"; };
		BF3D870A2248BE2F00575581 /* SelectionSort.h */ = {isa = PBXFileReference; fileEncoding = 4; lastKnownFileType = sourcecode.c.h; path = SelectionSort.h; sourceTree = "<group>"; };
		BF3D870B2248BE2F00575581 /* InsertionSort.h */ = {isa = PBXFileReference; fileEncoding = 4; lastKnownFileType = sourcecode.c.h; path = InsertionSort.h; sourceTree = "<group>"; };
		BF3D870C2248C16700575581 /* mergeSort.h */ = {isa = PBXFileReference; lastKnownFileType = sourcecode.c.h; path = mergeSort.h; sourceTree = "<group>"; };
		BF3D870D2248C16700575581 /* mergeSort.c */ = {isa = PBXFileReference; lastKnownFileType = sourcecode.c.c; path = mergeSort.c; sourceTree = "<group>"; };
		BF3D870F2248D4E800575581 /* quickSort.h */ = {isa = PBXFileReference; lastKnownFileType = sourcecode.c.h; path = quickSort.h; sourceTree = "<group>"; };
		BF3D87102248D4E800575581 /* quickSort.c */ = {isa = PBXFileReference; lastKnownFileType = sourcecode.c.c; path = quickSort.c; sourceTree = "<group>"; };
		BF84EB5420F736B60086E4CD /* Algorithm */ = {isa = PBXFileReference; explicitFileType = "compiled.mach-o.executable"; includeInIndex = 0; path = Algorithm; sourceTree = BUILT_PRODUCTS_DIR; };
		BF84EB5720F736B60086E4CD /* main.m */ = {isa = PBXFileReference; lastKnownFileType = sourcecode.c.objc; path = main.m; sourceTree = "<group>"; };
		BF84EB6120F851340086E4CD /* textCopy.h */ = {isa = PBXFileReference; lastKnownFileType = sourcecode.c.h; path = textCopy.h; sourceTree = "<group>"; };
		BF84EB6220F851340086E4CD /* textCopy.c */ = {isa = PBXFileReference; lastKnownFileType = sourcecode.c.c; path = textCopy.c; sourceTree = "<group>"; };
		BF84EB6920F855C00086E4CD /* textCount.h */ = {isa = PBXFileReference; lastKnownFileType = sourcecode.c.h; path = textCount.h; sourceTree = "<group>"; };
		BF84EB6A20F855C00086E4CD /* textCount.c */ = {isa = PBXFileReference; lastKnownFileType = sourcecode.c.c; path = textCount.c; sourceTree = "<group>"; };
		BF97A06C221D52C70083D0DB /* LinkList.h */ = {isa = PBXFileReference; lastKnownFileType = sourcecode.c.h; path = LinkList.h; sourceTree = "<group>"; };
		BF97A06D221D52C70083D0DB /* LinkList.c */ = {isa = PBXFileReference; lastKnownFileType = sourcecode.c.c; path = LinkList.c; sourceTree = "<group>"; };
		BFAC5C8E224CBBAE00612263 /* BinarySearchTree.h */ = {isa = PBXFileReference; lastKnownFileType = sourcecode.c.h; path = BinarySearchTree.h; sourceTree = "<group>"; };
		BFAC5C8F224CBBAE00612263 /* BinarySearchTree.c */ = {isa = PBXFileReference; lastKnownFileType = sourcecode.c.c; path = BinarySearchTree.c; sourceTree = "<group>"; };
		BFAC5C92224CE63900612263 /* RedBlackTree.h */ = {isa = PBXFileReference; lastKnownFileType = sourcecode.c.h; path = RedBlackTree.h; sourceTree = "<group>"; };
		BFAC5C93224CE63900612263 /* RedBlackTree.c */ = {isa = PBXFileReference; lastKnownFileType = sourcecode.c.c; path = RedBlackTree.c; sourceTree = "<group>"; };
		BFBE826E2244E8CD0094C9CB /* InsertionSort.c */ = {isa = PBXFileReference; lastKnownFileType = sourcecode.c.c; path = InsertionSort.c; sourceTree = "<group>"; };
		BFBE82722244ED7A0094C9CB /* bubbleSort.c */ = {isa = PBXFileReference; lastKnownFileType = sourcecode.c.c; path = bubbleSort.c; sourceTree = "<group>"; };
		BFEFA8EA223B8600003CC8E6 /* Stack.h */ = {isa = PBXFileReference; lastKnownFileType = sourcecode.c.h; path = Stack.h; sourceTree = "<group>"; };
		BFEFA8EB223B8600003CC8E6 /* Stack.c */ = {isa = PBXFileReference; lastKnownFileType = sourcecode.c.c; path = Stack.c; sourceTree = "<group>"; };
/* End PBXFileReference section */

/* Begin PBXFrameworksBuildPhase section */
		BF84EB5120F736B60086E4CD /* Frameworks */ = {
			isa = PBXFrameworksBuildPhase;
			buildActionMask = 2147483647;
			files = (
			);
			runOnlyForDeploymentPostprocessing = 0;
		};
/* End PBXFrameworksBuildPhase section */

/* Begin PBXGroup section */
		BF84EB4B20F736B60086E4CD = {
			isa = PBXGroup;
			children = (
				BF84EB5620F736B60086E4CD /* Algorithm */,
				BF84EB5520F736B60086E4CD /* Products */,
			);
			sourceTree = "<group>";
		};
		BF84EB5520F736B60086E4CD /* Products */ = {
			isa = PBXGroup;
			children = (
				BF84EB5420F736B60086E4CD /* Algorithm */,
			);
			name = Products;
			sourceTree = "<group>";
		};
		BF84EB5620F736B60086E4CD /* Algorithm */ = {
			isa = PBXGroup;
			children = (
				BFAC5C91224CE51000612263 /* 平衡二叉查找树红黑树 */,
				BFAC5C8D224CBB5E00612263 /* 二叉查找树 */,
				BFBE82702244E8EA0094C9CB /* 排序 */,
				BFEFA8E8223B7EEB003CC8E6 /* 栈 */,
				BFEFA8E9223B7EFB003CC8E6 /* 队列 */,
				BF97A06F221D52D10083D0DB /* 链表 */,
				BF97A070221D52E40083D0DB /* 其他 */,
				BF84EB5720F736B60086E4CD /* main.m */,
			);
			path = Algorithm;
			sourceTree = "<group>";
		};
		BF97A06F221D52D10083D0DB /* 链表 */ = {
			isa = PBXGroup;
			children = (
				BF97A06C221D52C70083D0DB /* LinkList.h */,
				BF97A06D221D52C70083D0DB /* LinkList.c */,
			);
			path = "链表";
			sourceTree = "<group>";
		};
		BF97A070221D52E40083D0DB /* 其他 */ = {
			isa = PBXGroup;
			children = (
				BF84EB6120F851340086E4CD /* textCopy.h */,
				BF84EB6220F851340086E4CD /* textCopy.c */,
				BF84EB6920F855C00086E4CD /* textCount.h */,
				BF84EB6A20F855C00086E4CD /* textCount.c */,
			);
			path = "其他";
			sourceTree = "<group>";
		};
		BFAC5C8D224CBB5E00612263 /* 二叉查找树 */ = {
			isa = PBXGroup;
			children = (
				BFAC5C8E224CBBAE00612263 /* BinarySearchTree.h */,
				BFAC5C8F224CBBAE00612263 /* BinarySearchTree.c */,
			);
			path = "二叉查找树";
			sourceTree = "<group>";
		};
		BFAC5C91224CE51000612263 /* 平衡二叉查找树红黑树 */ = {
			isa = PBXGroup;
			children = (
				BFAC5C92224CE63900612263 /* RedBlackTree.h */,
				BFAC5C93224CE63900612263 /* RedBlackTree.c */,
			);
			path = "平衡二叉查找树红黑树";
			sourceTree = "<group>";
		};
		BFBE82702244E8EA0094C9CB /* 排序 */ = {
			isa = PBXGroup;
			children = (
				BF3D870B2248BE2F00575581 /* InsertionSort.h */,
				BFBE826E2244E8CD0094C9CB /* InsertionSort.c */,
				BF3D87092248BE2F00575581 /* bubbleSort.h */,
				BFBE82722244ED7A0094C9CB /* bubbleSort.c */,
				BF3D870A2248BE2F00575581 /* SelectionSort.h */,
				BF3D87072248AC6900575581 /* SelectionSort.c */,
				BF3D870C2248C16700575581 /* mergeSort.h */,
				BF3D870D2248C16700575581 /* mergeSort.c */,
				BF3D870F2248D4E800575581 /* quickSort.h */,
				BF3D87102248D4E800575581 /* quickSort.c */,
			);
			path = "排序";
			sourceTree = "<group>";
		};
		BFEFA8E8223B7EEB003CC8E6 /* 栈 */ = {
			isa = PBXGroup;
			children = (
				BFEFA8EA223B8600003CC8E6 /* Stack.h */,
				BFEFA8EB223B8600003CC8E6 /* Stack.c */,
			);
			path = "栈";
			sourceTree = "<group>";
		};
		BFEFA8E9223B7EFB003CC8E6 /* 队列 */ = {
			isa = PBXGroup;
			children = (
			);
			path = "队列";
			sourceTree = "<group>";
		};
/* End PBXGroup section */

/* Begin PBXNativeTarget section */
		BF84EB5320F736B60086E4CD /* Algorithm */ = {
			isa = PBXNativeTarget;
			buildConfigurationList = BF84EB5B20F736B60086E4CD /* Build configuration list for PBXNativeTarget "Algorithm" */;
			buildPhases = (
				BF84EB5020F736B60086E4CD /* Sources */,
				BF84EB5120F736B60086E4CD /* Frameworks */,
				BF84EB5220F736B60086E4CD /* CopyFiles */,
			);
			buildRules = (
			);
			dependencies = (
			);
			name = Algorithm;
			productName = Algorithm;
			productReference = BF84EB5420F736B60086E4CD /* Algorithm */;
			productType = "com.apple.product-type.tool";
		};
/* End PBXNativeTarget section */

/* Begin PBXProject section */
		BF84EB4C20F736B60086E4CD /* Project object */ = {
			isa = PBXProject;
			attributes = {
				LastUpgradeCheck = 0940;
				ORGANIZATIONNAME = "Jun Zhou";
				TargetAttributes = {
					BF84EB5320F736B60086E4CD = {
						CreatedOnToolsVersion = 9.4.1;
					};
				};
			};
			buildConfigurationList = BF84EB4F20F736B60086E4CD /* Build configuration list for PBXProject "Algorithm" */;
			compatibilityVersion = "Xcode 9.3";
			developmentRegion = en;
			hasScannedForEncodings = 0;
			knownRegions = (
				en,
			);
			mainGroup = BF84EB4B20F736B60086E4CD;
			productRefGroup = BF84EB5520F736B60086E4CD /* Products */;
			projectDirPath = "";
			projectRoot = "";
			targets = (
				BF84EB5320F736B60086E4CD /* Algorithm */,
			);
		};
/* End PBXProject section */

/* Begin PBXSourcesBuildPhase section */
		BF84EB5020F736B60086E4CD /* Sources */ = {
			isa = PBXSourcesBuildPhase;
			buildActionMask = 2147483647;
			files = (
				BFBE826F2244E8CD0094C9CB /* InsertionSort.c in Sources */,
				BFBE82732244ED7A0094C9CB /* bubbleSort.c in Sources */,
				BFEFA8EC223B8600003CC8E6 /* Stack.c in Sources */,
				BF3D870E2248C16700575581 /* mergeSort.c in Sources */,
				BF84EB6320F851340086E4CD /* textCopy.c in Sources */,
				BF84EB5820F736B60086E4CD /* main.m in Sources */,
				BF84EB6B20F855C00086E4CD /* textCount.c in Sources */,
				BFAC5C94224CE63900612263 /* RedBlackTree.c in Sources */,
				BF3D87112248D4E800575581 /* quickSort.c in Sources */,
				BFAC5C90224CBBAE00612263 /* BinarySearchTree.c in Sources */,
				BF3D87082248AC6900575581 /* SelectionSort.c in Sources */,
				BF97A06E221D52C70083D0DB /* LinkList.c in Sources */,
			);
			runOnlyForDeploymentPostprocessing = 0;
		};
/* End PBXSourcesBuildPhase section */

/* Begin XCBuildConfiguration section */
		BF84EB5920F736B60086E4CD /* Debug */ = {
			isa = XCBuildConfiguration;
			buildSettings = {
				ALWAYS_SEARCH_USER_PATHS = NO;
				CLANG_ANALYZER_NONNULL = YES;
				CLANG_ANALYZER_NUMBER_OBJECT_CONVERSION = YES_AGGRESSIVE;
				CLANG_CXX_LANGUAGE_STANDARD = "gnu++14";
				CLANG_CXX_LIBRARY = "libc++";
				CLANG_ENABLE_MODULES = YES;
				CLANG_ENABLE_OBJC_ARC = YES;
				CLANG_ENABLE_OBJC_WEAK = YES;
				CLANG_WARN_BLOCK_CAPTURE_AUTORELEASING = YES;
				CLANG_WARN_BOOL_CONVERSION = YES;
				CLANG_WARN_COMMA = YES;
				CLANG_WARN_CONSTANT_CONVERSION = YES;
				CLANG_WARN_DEPRECATED_OBJC_IMPLEMENTATIONS = YES;
				CLANG_WARN_DIRECT_OBJC_ISA_USAGE = YES_ERROR;
				CLANG_WARN_DOCUMENTATION_COMMENTS = YES;
				CLANG_WARN_EMPTY_BODY = YES;
				CLANG_WARN_ENUM_CONVERSION = YES;
				CLANG_WARN_INFINITE_RECURSION = YES;
				CLANG_WARN_INT_CONVERSION = YES;
				CLANG_WARN_NON_LITERAL_NULL_CONVERSION = YES;
				CLANG_WARN_OBJC_IMPLICIT_RETAIN_SELF = YES;
				CLANG_WARN_OBJC_LITERAL_CONVERSION = YES;
				CLANG_WARN_OBJC_ROOT_CLASS = YES_ERROR;
				CLANG_WARN_RANGE_LOOP_ANALYSIS = YES;
				CLANG_WARN_STRICT_PROTOTYPES = YES;
				CLANG_WARN_SUSPICIOUS_MOVE = YES;
				CLANG_WARN_UNGUARDED_AVAILABILITY = YES_AGGRESSIVE;
				CLANG_WARN_UNREACHABLE_CODE = YES;
				CLANG_WARN__DUPLICATE_METHOD_MATCH = YES;
				CODE_SIGN_IDENTITY = "Mac Developer";
				COPY_PHASE_STRIP = NO;
				DEBUG_INFORMATION_FORMAT = dwarf;
				ENABLE_STRICT_OBJC_MSGSEND = YES;
				ENABLE_TESTABILITY = YES;
				GCC_C_LANGUAGE_STANDARD = gnu11;
				GCC_DYNAMIC_NO_PIC = NO;
				GCC_NO_COMMON_BLOCKS = YES;
				GCC_OPTIMIZATION_LEVEL = 0;
				GCC_PREPROCESSOR_DEFINITIONS = (
					"DEBUG=1",
					"$(inherited)",
				);
				GCC_WARN_64_TO_32_BIT_CONVERSION = YES;
				GCC_WARN_ABOUT_RETURN_TYPE = YES_ERROR;
				GCC_WARN_UNDECLARED_SELECTOR = YES;
				GCC_WARN_UNINITIALIZED_AUTOS = YES_AGGRESSIVE;
				GCC_WARN_UNUSED_FUNCTION = YES;
				GCC_WARN_UNUSED_VARIABLE = YES;
				MACOSX_DEPLOYMENT_TARGET = 10.13;
				MTL_ENABLE_DEBUG_INFO = YES;
				ONLY_ACTIVE_ARCH = YES;
				SDKROOT = macosx;
			};
			name = Debug;
		};
		BF84EB5A20F736B60086E4CD /* Release */ = {
			isa = XCBuildConfiguration;
			buildSettings = {
				ALWAYS_SEARCH_USER_PATHS = NO;
				CLANG_ANALYZER_NONNULL = YES;
				CLANG_ANALYZER_NUMBER_OBJECT_CONVERSION = YES_AGGRESSIVE;
				CLANG_CXX_LANGUAGE_STANDARD = "gnu++14";
				CLANG_CXX_LIBRARY = "libc++";
				CLANG_ENABLE_MODULES = YES;
				CLANG_ENABLE_OBJC_ARC = YES;
				CLANG_ENABLE_OBJC_WEAK = YES;
				CLANG_WARN_BLOCK_CAPTURE_AUTORELEASING = YES;
				CLANG_WARN_BOOL_CONVERSION = YES;
				CLANG_WARN_COMMA = YES;
				CLANG_WARN_CONSTANT_CONVERSION = YES;
				CLANG_WARN_DEPRECATED_OBJC_IMPLEMENTATIONS = YES;
				CLANG_WARN_DIRECT_OBJC_ISA_USAGE = YES_ERROR;
				CLANG_WARN_DOCUMENTATION_COMMENTS = YES;
				CLANG_WARN_EMPTY_BODY = YES;
				CLANG_WARN_ENUM_CONVERSION = YES;
				CLANG_WARN_INFINITE_RECURSION = YES;
				CLANG_WARN_INT_CONVERSION = YES;
				CLANG_WARN_NON_LITERAL_NULL_CONVERSION = YES;
				CLANG_WARN_OBJC_IMPLICIT_RETAIN_SELF = YES;
				CLANG_WARN_OBJC_LITERAL_CONVERSION = YES;
				CLANG_WARN_OBJC_ROOT_CLASS = YES_ERROR;
				CLANG_WARN_RANGE_LOOP_ANALYSIS = YES;
				CLANG_WARN_STRICT_PROTOTYPES = YES;
				CLANG_WARN_SUSPICIOUS_MOVE = YES;
				CLANG_WARN_UNGUARDED_AVAILABILITY = YES_AGGRESSIVE;
				CLANG_WARN_UNREACHABLE_CODE = YES;
				CLANG_WARN__DUPLICATE_METHOD_MATCH = YES;
				CODE_SIGN_IDENTITY = "Mac Developer";
				COPY_PHASE_STRIP = NO;
				DEBUG_INFORMATION_FORMAT = "dwarf-with-dsym";
				ENABLE_NS_ASSERTIONS = NO;
				ENABLE_STRICT_OBJC_MSGSEND = YES;
				GCC_C_LANGUAGE_STANDARD = gnu11;
				GCC_NO_COMMON_BLOCKS = YES;
				GCC_WARN_64_TO_32_BIT_CONVERSION = YES;
				GCC_WARN_ABOUT_RETURN_TYPE = YES_ERROR;
				GCC_WARN_UNDECLARED_SELECTOR = YES;
				GCC_WARN_UNINITIALIZED_AUTOS = YES_AGGRESSIVE;
				GCC_WARN_UNUSED_FUNCTION = YES;
				GCC_WARN_UNUSED_VARIABLE = YES;
				MACOSX_DEPLOYMENT_TARGET = 10.13;
				MTL_ENABLE_DEBUG_INFO = NO;
				SDKROOT = macosx;
			};
			name = Release;
		};
		BF84EB5C20F736B60086E4CD /* Debug */ = {
			isa = XCBuildConfiguration;
			buildSettings = {
				CODE_SIGN_STYLE = Automatic;
				DEVELOPMENT_TEAM = ASH8T6U62E;
				PRODUCT_NAME = "$(TARGET_NAME)";
			};
			name = Debug;
		};
		BF84EB5D20F736B60086E4CD /* Release */ = {
			isa = XCBuildConfiguration;
			buildSettings = {
				CODE_SIGN_STYLE = Automatic;
				DEVELOPMENT_TEAM = ASH8T6U62E;
				PRODUCT_NAME = "$(TARGET_NAME)";
			};
			name = Release;
		};
/* End XCBuildConfiguration section */

/* Begin XCConfigurationList section */
		BF84EB4F20F736B60086E4CD /* Build configuration list for PBXProject "Algorithm" */ = {
			isa = XCConfigurationList;
			buildConfigurations = (
				BF84EB5920F736B60086E4CD /* Debug */,
				BF84EB5A20F736B60086E4CD /* Release */,
			);
			defaultConfigurationIsVisible = 0;
			defaultConfigurationName = Release;
		};
		BF84EB5B20F736B60086E4CD /* Build configuration list for PBXNativeTarget "Algorithm" */ = {
			isa = XCConfigurationList;
			buildConfigurations = (
				BF84EB5C20F736B60086E4CD /* Debug */,
				BF84EB5D20F736B60086E4CD /* Release */,
			);
			defaultConfigurationIsVisible = 0;
			defaultConfigurationName = Release;
		};
/* End XCConfigurationList section */
	};
	rootObject = BF84EB4C20F736B60086E4CD /* Project object */;
}
